{
  "name": "flow-view",
  "version": "7.0.0",
  "lockfileVersion": 3,
  "requires": true,
  "packages": {
    "": {
      "name": "flow-view",
      "version": "7.0.0",
      "hasInstallScript": true,
      "license": "MIT",
      "devDependencies": {
        "github-pages-router": "^1.0.2",
        "typescript": "^5.4.5"
      }
    },
    "node_modules/github-pages-router": {
      "version": "1.0.2",
      "resolved": "https://registry.npmjs.org/github-pages-router/-/github-pages-router-1.0.2.tgz",
      "integrity": "sha512-acbwKm0JLQdKlSr6r/AmOn3iWaMw28kmTizqNc7luBpfligjzYPlder0PU+XUGc5DE2RlHQTKhQR6IDDSUM9NA==",
      "dev": true,
      "license": "MIT",
      "bin": {
        "github-pages-router": "server.js"
      }
    },
    "node_modules/typescript": {
      "version": "5.4.5",
      "resolved": "https://registry.npmjs.org/typescript/-/typescript-5.4.5.tgz",
      "integrity": "sha512-vcI4UpRgg81oIRUFwR0WSIHKt11nJ7SAVlYNIu+QpqeyXP+gpQJy/Z4+F0aGxSE4MqwjyXvW/TzgkLAx2AGHwQ==",
      "dev": true,
      "bin": {
        "tsc": "bin/tsc",
        "tsserver": "bin/tsserver"
      },
      "engines": {
        "node": ">=14.17"
      }
    }
  }
}
